// !$*UTF8*$!
{
	archiveVersion = 1;
	classes = {
	};
	objectVersion = 50;
	objects = {

/* Begin PBXBuildFile section */
		085FCF59249E459B00ABCE97 /* AppDelegate.swift in Sources */ = {isa = PBXBuildFile; fileRef = 085FCF58249E459B00ABCE97 /* AppDelegate.swift */; };
		085FCF5D249E459B00ABCE97 /* FirstViewController.swift in Sources */ = {isa = PBXBuildFile; fileRef = 085FCF5C249E459B00ABCE97 /* FirstViewController.swift */; };
		085FCF62249E459C00ABCE97 /* Assets.xcassets in Resources */ = {isa = PBXBuildFile; fileRef = 085FCF61249E459C00ABCE97 /* Assets.xcassets */; };
		085FCF65249E459C00ABCE97 /* LaunchScreen.storyboard in Resources */ = {isa = PBXBuildFile; fileRef = 085FCF63249E459C00ABCE97 /* LaunchScreen.storyboard */; };
		08E6FF6A249F4EFE00B74395 /* SecondViewController.swift in Sources */ = {isa = PBXBuildFile; fileRef = 08E6FF69249F4EFE00B74395 /* SecondViewController.swift */; };
		08E6FF6C249F52E900B74395 /* StrGenerator.swift in Sources */ = {isa = PBXBuildFile; fileRef = 08E6FF6B249F52E900B74395 /* StrGenerator.swift */; };
/* End PBXBuildFile section */

/* Begin PBXFileReference section */
		085FCF55249E459B00ABCE97 /* DependencyInjection.app */ = {isa = PBXFileReference; explicitFileType = wrapper.application; includeInIndex = 0; path = DependencyInjection.app; sourceTree = BUILT_PRODUCTS_DIR; };
		085FCF58249E459B00ABCE97 /* AppDelegate.swift */ = {isa = PBXFileReference; lastKnownFileType = sourcecode.swift; path = AppDelegate.swift; sourceTree = "<group>"; };
		085FCF5C249E459B00ABCE97 /* FirstViewController.swift */ = {isa = PBXFileReference; lastKnownFileType = sourcecode.swift; path = FirstViewController.swift; sourceTree = "<group>"; };
		085FCF61249E459C00ABCE97 /* Assets.xcassets */ = {isa = PBXFileReference; lastKnownFileType = folder.assetcatalog; path = Assets.xcassets; sourceTree = "<group>"; };
		085FCF64249E459C00ABCE97 /* Base */ = {isa = PBXFileReference; lastKnownFileType = file.storyboard; name = Base; path = Base.lproj/LaunchScreen.storyboard; sourceTree = "<group>"; };
		085FCF66249E459C00ABCE97 /* Info.plist */ = {isa = PBXFileReference; lastKnownFileType = text.plist.xml; path = Info.plist; sourceTree = "<group>"; };
		08E6FF69249F4EFE00B74395 /* SecondViewController.swift */ = {isa = PBXFileReference; lastKnownFileType = sourcecode.swift; path = SecondViewController.swift; sourceTree = "<group>"; };
		08E6FF6B249F52E900B74395 /* StrGenerator.swift */ = {isa = PBXFileReference; lastKnownFileType = sourcecode.swift; path = StrGenerator.swift; sourceTree = "<group>"; };
/* End PBXFileReference section */

/* Begin PBXFrameworksBuildPhase section */
		085FCF52249E459B00ABCE97 /* Frameworks */ = {
			isa = PBXFrameworksBuildPhase;
			buildActionMask = 2147483647;
			files = (
			);
			runOnlyForDeploymentPostprocessing = 0;
		};
/* End PBXFrameworksBuildPhase section */

/* Begin PBXGroup section */
		085FCF4C249E459B00ABCE97 = {
			isa = PBXGroup;
			children = (
				085FCF57249E459B00ABCE97 /* DependencyInjection */,
				085FCF56249E459B00ABCE97 /* Products */,
			);
			sourceTree = "<group>";
		};
		085FCF56249E459B00ABCE97 /* Products */ = {
			isa = PBXGroup;
			children = (
				085FCF55249E459B00ABCE97 /* DependencyInjection.app */,
			);
			name = Products;
			sourceTree = "<group>";
		};
		085FCF57249E459B00ABCE97 /* DependencyInjection */ = {
			isa = PBXGroup;
			children = (
				085FCF58249E459B00ABCE97 /* AppDelegate.swift */,
				085FCF5C249E459B00ABCE97 /* FirstViewController.swift */,
				08E6FF69249F4EFE00B74395 /* SecondViewController.swift */,
				08E6FF6B249F52E900B74395 /* StrGenerator.swift */,
				085FCF61249E459C00ABCE97 /* Assets.xcassets */,
				085FCF63249E459C00ABCE97 /* LaunchScreen.storyboard */,
				085FCF66249E459C00ABCE97 /* Info.plist */,
			);
			path = DependencyInjection;
			sourceTree = "<group>";
		};
/* End PBXGroup section */

/* Begin PBXNativeTarget section */
		085FCF54249E459B00ABCE97 /* DependencyInjection */ = {
			isa = PBXNativeTarget;
			buildConfigurationList = 085FCF69249E459C00ABCE97 /* Build configuration list for PBXNativeTarget "DependencyInjection" */;
			buildPhases = (
				085FCF51249E459B00ABCE97 /* Sources */,
				085FCF52249E459B00ABCE97 /* Frameworks */,
				085FCF53249E459B00ABCE97 /* Resources */,
			);
			buildRules = (
			);
			dependencies = (
			);
			name = DependencyInjection;
			productName = DependencyInjection;
			productReference = 085FCF55249E459B00ABCE97 /* DependencyInjection.app */;
			productType = "com.apple.product-type.application";
		};
/* End PBXNativeTarget section */

/* Begin PBXProject section */
		085FCF4D249E459B00ABCE97 /* Project object */ = {
			isa = PBXProject;
			attributes = {
				LastSwiftUpdateCheck = 1150;
				LastUpgradeCheck = 1150;
				ORGANIZATIONNAME = jko;
				TargetAttributes = {
					085FCF54249E459B00ABCE97 = {
						CreatedOnToolsVersion = 11.5;
					};
				};
			};
			buildConfigurationList = 085FCF50249E459B00ABCE97 /* Build configuration list for PBXProject "DependencyInjection" */;
			compatibilityVersion = "Xcode 9.3";
			developmentRegion = en;
			hasScannedForEncodings = 0;
			knownRegions = (
				en,
				Base,
			);
			mainGroup = 085FCF4C249E459B00ABCE97;
			productRefGroup = 085FCF56249E459B00ABCE97 /* Products */;
			projectDirPath = "";
			projectRoot = "";
			targets = (
				085FCF54249E459B00ABCE97 /* DependencyInjection */,
			);
		};
/* End PBXProject section */

/* Begin PBXResourcesBuildPhase section */
		085FCF53249E459B00ABCE97 /* Resources */ = {
			isa = PBXResourcesBuildPhase;
			buildActionMask = 2147483647;
			files = (
				085FCF65249E459C00ABCE97 /* LaunchScreen.storyboard in Resources */,
				085FCF62249E459C00ABCE97 /* Assets.xcassets in Resources */,
			);
			runOnlyForDeploymentPostprocessing = 0;
		};
/* End PBXResourcesBuildPhase section */

/* Begin PBXSourcesBuildPhase section */
		085FCF51249E459B00ABCE97 /* Sources */ = {
			isa = PBXSourcesBuildPhase;
			buildActionMask = 2147483647;
			files = (
				08E6FF6A249F4EFE00B74395 /* SecondViewController.swift in Sources */,
				085FCF5D249E459B00ABCE97 /* FirstViewController.swift in Sources */,
				08E6FF6C249F52E900B74395 /* StrGenerator.swift in Sources */,
				085FCF59249E459B00ABCE97 /* AppDelegate.swift in Sources */,
			);
			runOnlyForDeploymentPostprocessing = 0;
		};
/* End PBXSourcesBuildPhase section */

/* Begin PBXVariantGroup section */
		085FCF63249E459C00ABCE97 /* LaunchScreen.storyboard */ = {
			isa = PBXVariantGroup;
			children = (
				085FCF64249E459C00ABCE97 /* Base */,
			);
			name = LaunchScreen.storyboard;
			sourceTree = "<group>";
		};
/* End PBXVariantGroup section */

/* Begin XCBuildConfiguration section */
		085FCF67249E459C00ABCE97 /* Debug */ = {
			isa = XCBuildConfiguration;
			buildSettings = {
				ALWAYS_SEARCH_USER_PATHS = NO;
				CLANG_ANALYZER_NONNULL = YES;
				CLANG_ANALYZER_NUMBER_OBJECT_CONVERSION = YES_AGGRESSIVE;
				CLANG_CXX_LANGUAGE_STANDARD = "gnu++14";
				CLANG_CXX_LIBRARY = "libc++";
				CLANG_ENABLE_MODULES = YES;
				CLANG_ENABLE_OBJC_ARC = YES;
				CLANG_ENABLE_OBJC_WEAK = YES;
				CLANG_WARN_BLOCK_CAPTURE_AUTORELEASING = YES;
				CLANG_WARN_BOOL_CONVERSION = YES;
				CLANG_WARN_COMMA = YES;
				CLANG_WARN_CONSTANT_CONVERSION = YES;
				CLANG_WARN_DEPRECATED_OBJC_IMPLEMENTATIONS = YES;
				CLANG_WARN_DIRECT_OBJC_ISA_USAGE = YES_ERROR;
				CLANG_WARN_DOCUMENTATION_COMMENTS = YES;
				CLANG_WARN_EMPTY_BODY = YES;
				CLANG_WARN_ENUM_CONVERSION = YES;
				CLANG_WARN_INFINITE_RECURSION = YES;
				CLANG_WARN_INT_CONVERSION = YES;
				CLANG_WARN_NON_LITERAL_NULL_CONVERSION = YES;
				CLANG_WARN_OBJC_IMPLICIT_RETAIN_SELF = YES;
				CLANG_WARN_OBJC_LITERAL_CONVERSION = YES;
				CLANG_WARN_OBJC_ROOT_CLASS = YES_ERROR;
				CLANG_WARN_RANGE_LOOP_ANALYSIS = YES;
				CLANG_WARN_STRICT_PROTOTYPES = YES;
				CLANG_WARN_SUSPICIOUS_MOVE = YES;
				CLANG_WARN_UNGUARDED_AVAILABILITY = YES_AGGRESSIVE;
				CLANG_WARN_UNREACHABLE_CODE = YES;
				CLANG_WARN__DUPLICATE_METHOD_MATCH = YES;
				COPY_PHASE_STRIP = NO;
				DEBUG_INFORMATION_FORMAT = dwarf;
				ENABLE_STRICT_OBJC_MSGSEND = YES;
				ENABLE_TESTABILITY = YES;
				GCC_C_LANGUAGE_STANDARD = gnu11;
				GCC_DYNAMIC_NO_PIC = NO;
				GCC_NO_COMMON_BLOCKS = YES;
				GCC_OPTIMIZATION_LEVEL = 0;
				GCC_PREPROCESSOR_DEFINITIONS = (
					"DEBUG=1",
					"$(inherited)",
				);
				GCC_WARN_64_TO_32_BIT_CONVERSION = YES;
				GCC_WARN_ABOUT_RETURN_TYPE = YES_ERROR;
				GCC_WARN_UNDECLARED_SELECTOR = YES;
				GCC_WARN_UNINITIALIZED_AUTOS = YES_AGGRESSIVE;
				GCC_WARN_UNUSED_FUNCTION = YES;
				GCC_WARN_UNUSED_VARIABLE = YES;
				IPHONEOS_DEPLOYMENT_TARGET = 13.5;
				MTL_ENABLE_DEBUG_INFO = INCLUDE_SOURCE;
				MTL_FAST_MATH = YES;
				ONLY_ACTIVE_ARCH = YES;
				SDKROOT = iphoneos;
				SWIFT_ACTIVE_COMPILATION_CONDITIONS = DEBUG;
				SWIFT_OPTIMIZATION_LEVEL = "-Onone";
			};
			name = Debug;
		};
		085FCF68249E459C00ABCE97 /* Release */ = {
			isa = XCBuildConfiguration;
			buildSettings = {
				ALWAYS_SEARCH_USER_PATHS = NO;
				CLANG_ANALYZER_NONNULL = YES;
				CLANG_ANALYZER_NUMBER_OBJECT_CONVERSION = YES_AGGRESSIVE;
				CLANG_CXX_LANGUAGE_STANDARD = "gnu++14";
				CLANG_CXX_LIBRARY = "libc++";
				CLANG_ENABLE_MODULES = YES;
				CLANG_ENABLE_OBJC_ARC = YES;
				CLANG_ENABLE_OBJC_WEAK = YES;
				CLANG_WARN_BLOCK_CAPTURE_AUTORELEASING = YES;
				CLANG_WARN_BOOL_CONVERSION = YES;
				CLANG_WARN_COMMA = YES;
				CLANG_WARN_CONSTANT_CONVERSION = YES;
				CLANG_WARN_DEPRECATED_OBJC_IMPLEMENTATIONS = YES;
				CLANG_WARN_DIRECT_OBJC_ISA_USAGE = YES_ERROR;
				CLANG_WARN_DOCUMENTATION_COMMENTS = YES;
				CLANG_WARN_EMPTY_BODY = YES;
				CLANG_WARN_ENUM_CONVERSION = YES;
				CLANG_WARN_INFINITE_RECURSION = YES;
				CLANG_WARN_INT_CONVERSION = YES;
				CLANG_WARN_NON_LITERAL_NULL_CONVERSION = YES;
				CLANG_WARN_OBJC_IMPLICIT_RETAIN_SELF = YES;
				CLANG_WARN_OBJC_LITERAL_CONVERSION = YES;
				CLANG_WARN_OBJC_ROOT_CLASS = YES_ERROR;
				CLANG_WARN_RANGE_LOOP_ANALYSIS = YES;
				CLANG_WARN_STRICT_PROTOTYPES = YES;
				CLANG_WARN_SUSPICIOUS_MOVE = YES;
				CLANG_WARN_UNGUARDED_AVAILABILITY = YES_AGGRESSIVE;
				CLANG_WARN_UNREACHABLE_CODE = YES;
				CLANG_WARN__DUPLICATE_METHOD_MATCH = YES;
				COPY_PHASE_STRIP = NO;
				DEBUG_INFORMATION_FORMAT = "dwarf-with-dsym";
				ENABLE_NS_ASSERTIONS = NO;
				ENABLE_STRICT_OBJC_MSGSEND = YES;
				GCC_C_LANGUAGE_STANDARD = gnu11;
				GCC_NO_COMMON_BLOCKS = YES;
				GCC_WARN_64_TO_32_BIT_CONVERSION = YES;
				GCC_WARN_ABOUT_RETURN_TYPE = YES_ERROR;
				GCC_WARN_UNDECLARED_SELECTOR = YES;
				GCC_WARN_UNINITIALIZED_AUTOS = YES_AGGRESSIVE;
				GCC_WARN_UNUSED_FUNCTION = YES;
				GCC_WARN_UNUSED_VARIABLE = YES;
				IPHONEOS_DEPLOYMENT_TARGET = 13.5;
				MTL_ENABLE_DEBUG_INFO = NO;
				MTL_FAST_MATH = YES;
				SDKROOT = iphoneos;
				SWIFT_COMPILATION_MODE = wholemodule;
				SWIFT_OPTIMIZATION_LEVEL = "-O";
				VALIDATE_PRODUCT = YES;
			};
			name = Release;
		};
		085FCF6A249E459C00ABCE97 /* Debug */ = {
			isa = XCBuildConfiguration;
			buildSettings = {
				ASSETCATALOG_COMPILER_APPICON_NAME = AppIcon;
				CODE_SIGN_STYLE = Automatic;
				DEVELOPMENT_TEAM = P6Y6LBX995;
				INFOPLIST_FILE = DependencyInjection/Info.plist;
				LD_RUNPATH_SEARCH_PATHS = (
					"$(inherited)",
					"@executable_path/Frameworks",
				);
				PRODUCT_BUNDLE_IDENTIFIER = com.jko.DependencyInjection;
				PRODUCT_NAME = "$(TARGET_NAME)";
				SWIFT_VERSION = 5.0;
				TARGETED_DEVICE_FAMILY = "1,2";
			};
			name = Debug;
		};
		085FCF6B249E459C00ABCE97 /* Release */ = {
			isa = XCBuildConfiguration;
			buildSettings = {
				ASSETCATALOG_COMPILER_APPICON_NAME = AppIcon;
				CODE_SIGN_STYLE = Automatic;
				DEVELOPMENT_TEAM = P6Y6LBX995;
				INFOPLIST_FILE = DependencyInjection/Info.plist;
				LD_RUNPATH_SEARCH_PATHS = (
					"$(inherited)",
					"@executable_path/Frameworks",
				);
				PRODUCT_BUNDLE_IDENTIFIER = com.jko.DependencyInjection;
				PRODUCT_NAME = "$(TARGET_NAME)";
				SWIFT_VERSION = 5.0;
				TARGETED_DEVICE_FAMILY = "1,2";
			};
			name = Release;
		};
/* End XCBuildConfiguration section */

/* Begin XCConfigurationList section */
		085FCF50249E459B00ABCE97 /* Build configuration list for PBXProject "DependencyInjection" */ = {
			isa = XCConfigurationList;
			buildConfigurations = (
				085FCF67249E459C00ABCE97 /* Debug */,
				085FCF68249E459C00ABCE97 /* Release */,
			);
			defaultConfigurationIsVisible = 0;
			defaultConfigurationName = Release;
		};
		085FCF69249E459C00ABCE97 /* Build configuration list for PBXNativeTarget "DependencyInjection" */ = {
			isa = XCConfigurationList;
			buildConfigurations = (
				085FCF6A249E459C00ABCE97 /* Debug */,
				085FCF6B249E459C00ABCE97 /* Release */,
			);
			defaultConfigurationIsVisible = 0;
			defaultConfigurationName = Release;
		};
/* End XCConfigurationList section */
	};
	rootObject = 085FCF4D249E459B00ABCE97 /* Project object */;
}
